
Microsoft Visual Studio Solution File, Format Version 12.00
# Visual Studio Version 16
VisualStudioVersion = 16.0.31112.23
MinimumVisualStudioVersion = 10.0.40219.1
Project("{FAE04EC0-301F-11D3-BF4B-00C04F79EFBC}") = "ListViewHW", "ListViewHW.csproj", "{A5A0695E-2954-4EDD-AEC6-B68487008814}"
EndProject
Global
	GlobalSection(SolutionConfigurationPlatforms) = preSolution
		Debug|Any CPU = Debug|Any CPU
		Release|Any CPU = Release|Any CPU
	EndGlobalSection
	GlobalSection(ProjectConfigurationPlatforms) = postSolution
		{A5A0695E-2954-4EDD-AEC6-B68487008814}.Debug|Any CPU.ActiveCfg = Debug|Any CPU
		{A5A0695E-2954-4EDD-AEC6-B68487008814}.Debug|Any CPU.Build.0 = Debug|Any CPU
		{A5A0695E-2954-4EDD-AEC6-B68487008814}.Release|Any CPU.ActiveCfg = Release|Any CPU
		{A5A0695E-2954-4EDD-AEC6-B68487008814}.Release|Any CPU.Build.0 = Release|Any CPU
	EndGlobalSection
	GlobalSection(SolutionProperties) = preSolution
		HideSolutionNode = FALSE
	EndGlobalSection
	GlobalSection(ExtensibilityGlobals) = postSolution
		SolutionGuid = {22337FB8-11EC-4E32-9C2C-33F87C73E6EF}
	EndGlobalSection
EndGlobal
